
Microsoft Visual Studio Solution File, Format Version 12.00
Project("{FAE04EC0-301F-11D3-BF4B-00C04F79EFBC}") = "Ejercicio1", "Ejercicio1\Ejercicio1.csproj", "{CE2A54DD-1A78-4FDB-AB6A-13400229A2C5}"
EndProject
Project("{FAE04EC0-301F-11D3-BF4B-00C04F79EFBC}") = "TestEjecicio1", "TestEjecicio1\TestEjecicio1.csproj", "{205B394B-13D5-48D7-B106-B153C3230C53}"
EndProject
Global
	GlobalSection(SolutionConfigurationPlatforms) = preSolution
		Debug|Any CPU = Debug|Any CPU
		Release|Any CPU = Release|Any CPU
	EndGlobalSection
	GlobalSection(ProjectConfigurationPlatforms) = postSolution
		{CE2A54DD-1A78-4FDB-AB6A-13400229A2C5}.Debug|Any CPU.ActiveCfg = Debug|Any CPU
		{CE2A54DD-1A78-4FDB-AB6A-13400229A2C5}.Debug|Any CPU.Build.0 = Debug|Any CPU
		{CE2A54DD-1A78-4FDB-AB6A-13400229A2C5}.Release|Any CPU.ActiveCfg = Release|Any CPU
		{CE2A54DD-1A78-4FDB-AB6A-13400229A2C5}.Release|Any CPU.Build.0 = Release|Any CPU
		{205B394B-13D5-48D7-B106-B153C3230C53}.Debug|Any CPU.ActiveCfg = Debug|Any CPU
		{205B394B-13D5-48D7-B106-B153C3230C53}.Debug|Any CPU.Build.0 = Debug|Any CPU
		{205B394B-13D5-48D7-B106-B153C3230C53}.Release|Any CPU.ActiveCfg = Release|Any CPU
		{205B394B-13D5-48D7-B106-B153C3230C53}.Release|Any CPU.Build.0 = Release|Any CPU
	EndGlobalSection
EndGlobal
